
Microsoft Visual Studio Solution File, Format Version 12.00
# Visual Studio Version 16
VisualStudioVersion = 16.0.30717.126
MinimumVisualStudioVersion = 10.0.40219.1
Project("{FAE04EC0-301F-11D3-BF4B-00C04F79EFBC}") = "MovieApp", "MovieApp\MovieApp.csproj", "{A655DB05-F96A-4C17-9C94-F4FC0B48D9D7}"
EndProject
Global
	GlobalSection(SolutionConfigurationPlatforms) = preSolution
		Debug|Any CPU = Debug|Any CPU
		Release|Any CPU = Release|Any CPU
	EndGlobalSection
	GlobalSection(ProjectConfigurationPlatforms) = postSolution
		{A655DB05-F96A-4C17-9C94-F4FC0B48D9D7}.Debug|Any CPU.ActiveCfg = Debug|Any CPU
		{A655DB05-F96A-4C17-9C94-F4FC0B48D9D7}.Debug|Any CPU.Build.0 = Debug|Any CPU
		{A655DB05-F96A-4C17-9C94-F4FC0B48D9D7}.Release|Any CPU.ActiveCfg = Release|Any CPU
		{A655DB05-F96A-4C17-9C94-F4FC0B48D9D7}.Release|Any CPU.Build.0 = Release|Any CPU
	EndGlobalSection
	GlobalSection(SolutionProperties) = preSolution
		HideSolutionNode = FALSE
	EndGlobalSection
	GlobalSection(ExtensibilityGlobals) = postSolution
		SolutionGuid = {7EB9F34E-C690-41C2-9FFE-098FAADF1F4E}
	EndGlobalSection
EndGlobal
